
Microsoft Visual Studio Solution File, Format Version 12.00
# Visual Studio Version 16
VisualStudioVersion = 16.0.31129.286
MinimumVisualStudioVersion = 10.0.40219.1
Project("{FAE04EC0-301F-11D3-BF4B-00C04F79EFBC}") = "MeshDesktopClientGui", "MeshDesktopClientGui\MeshDesktopClientGui.csproj", "{55243CA0-232E-4580-A465-32EE85DD7377}"
EndProject
Project("{FAE04EC0-301F-11D3-BF4B-00C04F79EFBC}") = "MeshDesktopClientImages", "MeshDesktopClientImages\MeshDesktopClientImages.csproj", "{BA325393-4241-4CA4-AD42-A75D26BE6B4E}"
EndProject
Project("{FAE04EC0-301F-11D3-BF4B-00C04F79EFBC}") = "MeshDesktopClientModel", "MeshDesktopClientModel\MeshDesktopClientModel.csproj", "{1DB87D5D-2126-441F-A724-BECD407E8EA0}"
EndProject
Global
	GlobalSection(SolutionConfigurationPlatforms) = preSolution
		Debug|Any CPU = Debug|Any CPU
		Release|Any CPU = Release|Any CPU
	EndGlobalSection
	GlobalSection(ProjectConfigurationPlatforms) = postSolution
		{55243CA0-232E-4580-A465-32EE85DD7377}.Debug|Any CPU.ActiveCfg = Debug|Any CPU
		{55243CA0-232E-4580-A465-32EE85DD7377}.Debug|Any CPU.Build.0 = Debug|Any CPU
		{55243CA0-232E-4580-A465-32EE85DD7377}.Release|Any CPU.ActiveCfg = Release|Any CPU
		{55243CA0-232E-4580-A465-32EE85DD7377}.Release|Any CPU.Build.0 = Release|Any CPU
		{BA325393-4241-4CA4-AD42-A75D26BE6B4E}.Debug|Any CPU.ActiveCfg = Debug|Any CPU
		{BA325393-4241-4CA4-AD42-A75D26BE6B4E}.Debug|Any CPU.Build.0 = Debug|Any CPU
		{BA325393-4241-4CA4-AD42-A75D26BE6B4E}.Release|Any CPU.ActiveCfg = Release|Any CPU
		{BA325393-4241-4CA4-AD42-A75D26BE6B4E}.Release|Any CPU.Build.0 = Release|Any CPU
		{1DB87D5D-2126-441F-A724-BECD407E8EA0}.Debug|Any CPU.ActiveCfg = Debug|Any CPU
		{1DB87D5D-2126-441F-A724-BECD407E8EA0}.Debug|Any CPU.Build.0 = Debug|Any CPU
		{1DB87D5D-2126-441F-A724-BECD407E8EA0}.Release|Any CPU.ActiveCfg = Release|Any CPU
		{1DB87D5D-2126-441F-A724-BECD407E8EA0}.Release|Any CPU.Build.0 = Release|Any CPU
	EndGlobalSection
	GlobalSection(SolutionProperties) = preSolution
		HideSolutionNode = FALSE
	EndGlobalSection
	GlobalSection(ExtensibilityGlobals) = postSolution
		SolutionGuid = {F46E8909-9F98-45F7-A840-DC34418D5C26}
	EndGlobalSection
EndGlobal
